// !$*UTF8*$!
{
	archiveVersion = 1;
	classes = {
	};
	objectVersion = 50;
	objects = {

/* Begin PBXBuildFile section */
		2D5648DD2097D71D00021836 /* AppDelegate.swift in Sources */ = {isa = PBXBuildFile; fileRef = 2D5648DC2097D71D00021836 /* AppDelegate.swift */; };
		2D5648DF2097D71D00021836 /* ViewController.swift in Sources */ = {isa = PBXBuildFile; fileRef = 2D5648DE2097D71D00021836 /* ViewController.swift */; };
		2D5648E22097D71D00021836 /* Main.storyboard in Resources */ = {isa = PBXBuildFile; fileRef = 2D5648E02097D71D00021836 /* Main.storyboard */; };
		2D5648E42097D72C00021836 /* Assets.xcassets in Resources */ = {isa = PBXBuildFile; fileRef = 2D5648E32097D72C00021836 /* Assets.xcassets */; };
		2D5648E72097D72C00021836 /* LaunchScreen.storyboard in Resources */ = {isa = PBXBuildFile; fileRef = 2D5648E52097D72C00021836 /* LaunchScreen.storyboard */; };
		2D5648F22097D72D00021836 /* _DTouchExampleTests.swift in Sources */ = {isa = PBXBuildFile; fileRef = 2D5648F12097D72D00021836 /* _DTouchExampleTests.swift */; };
		2D5648FD2097D7A200021836 /* MyUIView.swift in Sources */ = {isa = PBXBuildFile; fileRef = 2D5648FC2097D7A200021836 /* MyUIView.swift */; };
/* End PBXBuildFile section */

/* Begin PBXContainerItemProxy section */
		2D5648EE2097D72D00021836 /* PBXContainerItemProxy */ = {
			isa = PBXContainerItemProxy;
			containerPortal = 2D5648D12097D71B00021836 /* Project object */;
			proxyType = 1;
			remoteGlobalIDString = 2D5648D82097D71C00021836;
			remoteInfo = 3DTouchExample;
		};
/* End PBXContainerItemProxy section */

/* Begin PBXFileReference section */
		2D5648D92097D71D00021836 /* 3DTouchExample.app */ = {isa = PBXFileReference; explicitFileType = wrapper.application; includeInIndex = 0; path = 3DTouchExample.app; sourceTree = BUILT_PRODUCTS_DIR; };
		2D5648DC2097D71D00021836 /* AppDelegate.swift */ = {isa = PBXFileReference; lastKnownFileType = sourcecode.swift; path = AppDelegate.swift; sourceTree = "<group>"; };
		2D5648DE2097D71D00021836 /* ViewController.swift */ = {isa = PBXFileReference; lastKnownFileType = sourcecode.swift; path = ViewController.swift; sourceTree = "<group>"; };
		2D5648E12097D71D00021836 /* Base */ = {isa = PBXFileReference; lastKnownFileType = file.storyboard; name = Base; path = Base.lproj/Main.storyboard; sourceTree = "<group>"; };
		2D5648E32097D72C00021836 /* Assets.xcassets */ = {isa = PBXFileReference; lastKnownFileType = folder.assetcatalog; path = Assets.xcassets; sourceTree = "<group>"; };
		2D5648E62097D72C00021836 /* Base */ = {isa = PBXFileReference; lastKnownFileType = file.storyboard; name = Base; path = Base.lproj/LaunchScreen.storyboard; sourceTree = "<group>"; };
		2D5648E82097D72C00021836 /* Info.plist */ = {isa = PBXFileReference; lastKnownFileType = text.plist.xml; path = Info.plist; sourceTree = "<group>"; };
		2D5648ED2097D72D00021836 /* 3DTouchExampleTests.xctest */ = {isa = PBXFileReference; explicitFileType = wrapper.cfbundle; includeInIndex = 0; path = 3DTouchExampleTests.xctest; sourceTree = BUILT_PRODUCTS_DIR; };
		2D5648F12097D72D00021836 /* _DTouchExampleTests.swift */ = {isa = PBXFileReference; lastKnownFileType = sourcecode.swift; path = _DTouchExampleTests.swift; sourceTree = "<group>"; };
		2D5648F32097D72D00021836 /* Info.plist */ = {isa = PBXFileReference; lastKnownFileType = text.plist.xml; path = Info.plist; sourceTree = "<group>"; };
		2D5648FC2097D7A200021836 /* MyUIView.swift */ = {isa = PBXFileReference; lastKnownFileType = sourcecode.swift; path = MyUIView.swift; sourceTree = "<group>"; };
/* End PBXFileReference section */

/* Begin PBXFrameworksBuildPhase section */
		2D5648D62097D71C00021836 /* Frameworks */ = {
			isa = PBXFrameworksBuildPhase;
			buildActionMask = 2147483647;
			files = (
			);
			runOnlyForDeploymentPostprocessing = 0;
		};
		2D5648EA2097D72D00021836 /* Frameworks */ = {
			isa = PBXFrameworksBuildPhase;
			buildActionMask = 2147483647;
			files = (
			);
			runOnlyForDeploymentPostprocessing = 0;
		};
/* End PBXFrameworksBuildPhase section */

/* Begin PBXGroup section */
		2D5648D02097D71B00021836 = {
			isa = PBXGroup;
			children = (
				2D5648DB2097D71D00021836 /* 3DTouchExample */,
				2D5648F02097D72D00021836 /* 3DTouchExampleTests */,
				2D5648DA2097D71D00021836 /* Products */,
			);
			sourceTree = "<group>";
		};
		2D5648DA2097D71D00021836 /* Products */ = {
			isa = PBXGroup;
			children = (
				2D5648D92097D71D00021836 /* 3DTouchExample.app */,
				2D5648ED2097D72D00021836 /* 3DTouchExampleTests.xctest */,
			);
			name = Products;
			sourceTree = "<group>";
		};
		2D5648DB2097D71D00021836 /* 3DTouchExample */ = {
			isa = PBXGroup;
			children = (
				2D5648DC2097D71D00021836 /* AppDelegate.swift */,
				2D5648DE2097D71D00021836 /* ViewController.swift */,
				2D5648E02097D71D00021836 /* Main.storyboard */,
				2D5648E32097D72C00021836 /* Assets.xcassets */,
				2D5648E52097D72C00021836 /* LaunchScreen.storyboard */,
				2D5648E82097D72C00021836 /* Info.plist */,
				2D5648FC2097D7A200021836 /* MyUIView.swift */,
			);
			path = 3DTouchExample;
			sourceTree = "<group>";
		};
		2D5648F02097D72D00021836 /* 3DTouchExampleTests */ = {
			isa = PBXGroup;
			children = (
				2D5648F12097D72D00021836 /* _DTouchExampleTests.swift */,
				2D5648F32097D72D00021836 /* Info.plist */,
			);
			path = 3DTouchExampleTests;
			sourceTree = "<group>";
		};
/* End PBXGroup section */

/* Begin PBXNativeTarget section */
		2D5648D82097D71C00021836 /* 3DTouchExample */ = {
			isa = PBXNativeTarget;
			buildConfigurationList = 2D5648F62097D72D00021836 /* Build configuration list for PBXNativeTarget "3DTouchExample" */;
			buildPhases = (
				2D5648D52097D71C00021836 /* Sources */,
				2D5648D62097D71C00021836 /* Frameworks */,
				2D5648D72097D71C00021836 /* Resources */,
			);
			buildRules = (
			);
			dependencies = (
			);
			name = 3DTouchExample;
			productName = 3DTouchExample;
			productReference = 2D5648D92097D71D00021836 /* 3DTouchExample.app */;
			productType = "com.apple.product-type.application";
		};
		2D5648EC2097D72D00021836 /* 3DTouchExampleTests */ = {
			isa = PBXNativeTarget;
			buildConfigurationList = 2D5648F92097D72D00021836 /* Build configuration list for PBXNativeTarget "3DTouchExampleTests" */;
			buildPhases = (
				2D5648E92097D72D00021836 /* Sources */,
				2D5648EA2097D72D00021836 /* Frameworks */,
				2D5648EB2097D72D00021836 /* Resources */,
			);
			buildRules = (
			);
			dependencies = (
				2D5648EF2097D72D00021836 /* PBXTargetDependency */,
			);
			name = 3DTouchExampleTests;
			productName = 3DTouchExampleTests;
			productReference = 2D5648ED2097D72D00021836 /* 3DTouchExampleTests.xctest */;
			productType = "com.apple.product-type.bundle.unit-test";
		};
/* End PBXNativeTarget section */

/* Begin PBXProject section */
		2D5648D12097D71B00021836 /* Project object */ = {
			isa = PBXProject;
			attributes = {
				LastSwiftUpdateCheck = 0930;
				LastUpgradeCheck = 0930;
				ORGANIZATIONNAME = "Douglas Alexander";
				TargetAttributes = {
					2D5648D82097D71C00021836 = {
						CreatedOnToolsVersion = 9.3;
					};
					2D5648EC2097D72D00021836 = {
						CreatedOnToolsVersion = 9.3;
						TestTargetID = 2D5648D82097D71C00021836;
					};
				};
			};
			buildConfigurationList = 2D5648D42097D71B00021836 /* Build configuration list for PBXProject "3DTouchExample" */;
			compatibilityVersion = "Xcode 9.3";
			developmentRegion = en;
			hasScannedForEncodings = 0;
			knownRegions = (
				en,
				Base,
			);
			mainGroup = 2D5648D02097D71B00021836;
			productRefGroup = 2D5648DA2097D71D00021836 /* Products */;
			projectDirPath = "";
			projectRoot = "";
			targets = (
				2D5648D82097D71C00021836 /* 3DTouchExample */,
				2D5648EC2097D72D00021836 /* 3DTouchExampleTests */,
			);
		};
/* End PBXProject section */

/* Begin PBXResourcesBuildPhase section */
		2D5648D72097D71C00021836 /* Resources */ = {
			isa = PBXResourcesBuildPhase;
			buildActionMask = 2147483647;
			files = (
				2D5648E72097D72C00021836 /* LaunchScreen.storyboard in Resources */,
				2D5648E42097D72C00021836 /* Assets.xcassets in Resources */,
				2D5648E22097D71D00021836 /* Main.storyboard in Resources */,
			);
			runOnlyForDeploymentPostprocessing = 0;
		};
		2D5648EB2097D72D00021836 /* Resources */ = {
			isa = PBXResourcesBuildPhase;
			buildActionMask = 2147483647;
			files = (
			);
			runOnlyForDeploymentPostprocessing = 0;
		};
/* End PBXResourcesBuildPhase section */

/* Begin PBXSourcesBuildPhase section */
		2D5648D52097D71C00021836 /* Sources */ = {
			isa = PBXSourcesBuildPhase;
			buildActionMask = 2147483647;
			files = (
				2D5648DF2097D71D00021836 /* ViewController.swift in Sources */,
				2D5648DD2097D71D00021836 /* AppDelegate.swift in Sources */,
				2D5648FD2097D7A200021836 /* MyUIView.swift in Sources */,
			);
			runOnlyForDeploymentPostprocessing = 0;
		};
		2D5648E92097D72D00021836 /* Sources */ = {
			isa = PBXSourcesBuildPhase;
			buildActionMask = 2147483647;
			files = (
				2D5648F22097D72D00021836 /* _DTouchExampleTests.swift in Sources */,
			);
			runOnlyForDeploymentPostprocessing = 0;
		};
/* End PBXSourcesBuildPhase section */

/* Begin PBXTargetDependency section */
		2D5648EF2097D72D00021836 /* PBXTargetDependency */ = {
			isa = PBXTargetDependency;
			target = 2D5648D82097D71C00021836 /* 3DTouchExample */;
			targetProxy = 2D5648EE2097D72D00021836 /* PBXContainerItemProxy */;
		};
/* End PBXTargetDependency section */

/* Begin PBXVariantGroup section */
		2D5648E02097D71D00021836 /* Main.storyboard */ = {
			isa = PBXVariantGroup;
			children = (
				2D5648E12097D71D00021836 /* Base */,
			);
			name = Main.storyboard;
			sourceTree = "<group>";
		};
		2D5648E52097D72C00021836 /* LaunchScreen.storyboard */ = {
			isa = PBXVariantGroup;
			children = (
				2D5648E62097D72C00021836 /* Base */,
			);
			name = LaunchScreen.storyboard;
			sourceTree = "<group>";
		};
/* End PBXVariantGroup section */

/* Begin XCBuildConfiguration section */
		2D5648F42097D72D00021836 /* Debug */ = {
			isa = XCBuildConfiguration;
			buildSettings = {
				ALWAYS_SEARCH_USER_PATHS = NO;
				CLANG_ANALYZER_NONNULL = YES;
				CLANG_ANALYZER_NUMBER_OBJECT_CONVERSION = YES_AGGRESSIVE;
				CLANG_CXX_LANGUAGE_STANDARD = "gnu++14";
				CLANG_CXX_LIBRARY = "libc++";
				CLANG_ENABLE_MODULES = YES;
				CLANG_ENABLE_OBJC_ARC = YES;
				CLANG_ENABLE_OBJC_WEAK = YES;
				CLANG_WARN_BLOCK_CAPTURE_AUTORELEASING = YES;
				CLANG_WARN_BOOL_CONVERSION = YES;
				CLANG_WARN_COMMA = YES;
				CLANG_WARN_CONSTANT_CONVERSION = YES;
				CLANG_WARN_DEPRECATED_OBJC_IMPLEMENTATIONS = YES;
				CLANG_WARN_DIRECT_OBJC_ISA_USAGE = YES_ERROR;
				CLANG_WARN_DOCUMENTATION_COMMENTS = YES;
				CLANG_WARN_EMPTY_BODY = YES;
				CLANG_WARN_ENUM_CONVERSION = YES;
				CLANG_WARN_INFINITE_RECURSION = YES;
				CLANG_WARN_INT_CONVERSION = YES;
				CLANG_WARN_NON_LITERAL_NULL_CONVERSION = YES;
				CLANG_WARN_OBJC_IMPLICIT_RETAIN_SELF = YES;
				CLANG_WARN_OBJC_LITERAL_CONVERSION = YES;
				CLANG_WARN_OBJC_ROOT_CLASS = YES_ERROR;
				CLANG_WARN_RANGE_LOOP_ANALYSIS = YES;
				CLANG_WARN_STRICT_PROTOTYPES = YES;
				CLANG_WARN_SUSPICIOUS_MOVE = YES;
				CLANG_WARN_UNGUARDED_AVAILABILITY = YES_AGGRESSIVE;
				CLANG_WARN_UNREACHABLE_CODE = YES;
				CLANG_WARN__DUPLICATE_METHOD_MATCH = YES;
				CODE_SIGN_IDENTITY = "iPhone Developer";
				COPY_PHASE_STRIP = NO;
				DEBUG_INFORMATION_FORMAT = dwarf;
				ENABLE_STRICT_OBJC_MSGSEND = YES;
				ENABLE_TESTABILITY = YES;
				GCC_C_LANGUAGE_STANDARD = gnu11;
				GCC_DYNAMIC_NO_PIC = NO;
				GCC_NO_COMMON_BLOCKS = YES;
				GCC_OPTIMIZATION_LEVEL = 0;
				GCC_PREPROCESSOR_DEFINITIONS = (
					"DEBUG=1",
					"$(inherited)",
				);
				GCC_WARN_64_TO_32_BIT_CONVERSION = YES;
				GCC_WARN_ABOUT_RETURN_TYPE = YES_ERROR;
				GCC_WARN_UNDECLARED_SELECTOR = YES;
				GCC_WARN_UNINITIALIZED_AUTOS = YES_AGGRESSIVE;
				GCC_WARN_UNUSED_FUNCTION = YES;
				GCC_WARN_UNUSED_VARIABLE = YES;
				IPHONEOS_DEPLOYMENT_TARGET = 11.3;
				MTL_ENABLE_DEBUG_INFO = YES;
				ONLY_ACTIVE_ARCH = YES;
				SDKROOT = iphoneos;
				SWIFT_ACTIVE_COMPILATION_CONDITIONS = DEBUG;
				SWIFT_OPTIMIZATION_LEVEL = "-Onone";
			};
			name = Debug;
		};
		2D5648F52097D72D00021836 /* Release */ = {
			isa = XCBuildConfiguration;
			buildSettings = {
				ALWAYS_SEARCH_USER_PATHS = NO;
				CLANG_ANALYZER_NONNULL = YES;
				CLANG_ANALYZER_NUMBER_OBJECT_CONVERSION = YES_AGGRESSIVE;
				CLANG_CXX_LANGUAGE_STANDARD = "gnu++14";
				CLANG_CXX_LIBRARY = "libc++";
				CLANG_ENABLE_MODULES = YES;
				CLANG_ENABLE_OBJC_ARC = YES;
				CLANG_ENABLE_OBJC_WEAK = YES;
				CLANG_WARN_BLOCK_CAPTURE_AUTORELEASING = YES;
				CLANG_WARN_BOOL_CONVERSION = YES;
				CLANG_WARN_COMMA = YES;
				CLANG_WARN_CONSTANT_CONVERSION = YES;
				CLANG_WARN_DEPRECATED_OBJC_IMPLEMENTATIONS = YES;
				CLANG_WARN_DIRECT_OBJC_ISA_USAGE = YES_ERROR;
				CLANG_WARN_DOCUMENTATION_COMMENTS = YES;
				CLANG_WARN_EMPTY_BODY = YES;
				CLANG_WARN_ENUM_CONVERSION = YES;
				CLANG_WARN_INFINITE_RECURSION = YES;
				CLANG_WARN_INT_CONVERSION = YES;
				CLANG_WARN_NON_LITERAL_NULL_CONVERSION = YES;
				CLANG_WARN_OBJC_IMPLICIT_RETAIN_SELF = YES;
				CLANG_WARN_OBJC_LITERAL_CONVERSION = YES;
				CLANG_WARN_OBJC_ROOT_CLASS = YES_ERROR;
				CLANG_WARN_RANGE_LOOP_ANALYSIS = YES;
				CLANG_WARN_STRICT_PROTOTYPES = YES;
				CLANG_WARN_SUSPICIOUS_MOVE = YES;
				CLANG_WARN_UNGUARDED_AVAILABILITY = YES_AGGRESSIVE;
				CLANG_WARN_UNREACHABLE_CODE = YES;
				CLANG_WARN__DUPLICATE_METHOD_MATCH = YES;
				CODE_SIGN_IDENTITY = "iPhone Developer";
				COPY_PHASE_STRIP = NO;
				DEBUG_INFORMATION_FORMAT = "dwarf-with-dsym";
				ENABLE_NS_ASSERTIONS = NO;
				ENABLE_STRICT_OBJC_MSGSEND = YES;
				GCC_C_LANGUAGE_STANDARD = gnu11;
				GCC_NO_COMMON_BLOCKS = YES;
				GCC_WARN_64_TO_32_BIT_CONVERSION = YES;
				GCC_WARN_ABOUT_RETURN_TYPE = YES_ERROR;
				GCC_WARN_UNDECLARED_SELECTOR = YES;
				GCC_WARN_UNINITIALIZED_AUTOS = YES_AGGRESSIVE;
				GCC_WARN_UNUSED_FUNCTION = YES;
				GCC_WARN_UNUSED_VARIABLE = YES;
				IPHONEOS_DEPLOYMENT_TARGET = 11.3;
				MTL_ENABLE_DEBUG_INFO = NO;
				SDKROOT = iphoneos;
				SWIFT_COMPILATION_MODE = wholemodule;
				SWIFT_OPTIMIZATION_LEVEL = "-O";
				VALIDATE_PRODUCT = YES;
			};
			name = Release;
		};
		2D5648F72097D72D00021836 /* Debug */ = {
			isa = XCBuildConfiguration;
			buildSettings = {
				ASSETCATALOG_COMPILER_APPICON_NAME = AppIcon;
				CODE_SIGN_STYLE = Automatic;
				DEVELOPMENT_TEAM = V6969S7D62;
				INFOPLIST_FILE = 3DTouchExample/Info.plist;
				IPHONEOS_DEPLOYMENT_TARGET = 10.0;
				LD_RUNPATH_SEARCH_PATHS = (
					"$(inherited)",
					"@executable_path/Frameworks",
				);
				PRODUCT_BUNDLE_IDENTIFIER = "com.gwc.-DTouchExample";
				PRODUCT_NAME = "$(TARGET_NAME)";
				SWIFT_VERSION = 4.0;
				TARGETED_DEVICE_FAMILY = "1,2";
			};
			name = Debug;
		};
		2D5648F82097D72D00021836 /* Release */ = {
			isa = XCBuildConfiguration;
			buildSettings = {
				ASSETCATALOG_COMPILER_APPICON_NAME = AppIcon;
				CODE_SIGN_STYLE = Automatic;
				DEVELOPMENT_TEAM = V6969S7D62;
				INFOPLIST_FILE = 3DTouchExample/Info.plist;
				IPHONEOS_DEPLOYMENT_TARGET = 10.0;
				LD_RUNPATH_SEARCH_PATHS = (
					"$(inherited)",
					"@executable_path/Frameworks",
				);
				PRODUCT_BUNDLE_IDENTIFIER = "com.gwc.-DTouchExample";
				PRODUCT_NAME = "$(TARGET_NAME)";
				SWIFT_VERSION = 4.0;
				TARGETED_DEVICE_FAMILY = "1,2";
			};
			name = Release;
		};
		2D5648FA2097D72D00021836 /* Debug */ = {
			isa = XCBuildConfiguration;
			buildSettings = {
				ALWAYS_EMBED_SWIFT_STANDARD_LIBRARIES = YES;
				BUNDLE_LOADER = "$(TEST_HOST)";
				CODE_SIGN_STYLE = Automatic;
				DEVELOPMENT_TEAM = V6969S7D62;
				INFOPLIST_FILE = 3DTouchExampleTests/Info.plist;
				LD_RUNPATH_SEARCH_PATHS = (
					"$(inherited)",
					"@executable_path/Frameworks",
					"@loader_path/Frameworks",
				);
				PRODUCT_BUNDLE_IDENTIFIER = "com.gwc.-DTouchExampleTests";
				PRODUCT_NAME = "$(TARGET_NAME)";
				SWIFT_VERSION = 4.0;
				TARGETED_DEVICE_FAMILY = "1,2";
				TEST_HOST = "$(BUILT_PRODUCTS_DIR)/3DTouchExample.app/3DTouchExample";
			};
			name = Debug;
		};
		2D5648FB2097D72D00021836 /* Release */ = {
			isa = XCBuildConfiguration;
			buildSettings = {
				ALWAYS_EMBED_SWIFT_STANDARD_LIBRARIES = YES;
				BUNDLE_LOADER = "$(TEST_HOST)";
				CODE_SIGN_STYLE = Automatic;
				DEVELOPMENT_TEAM = V6969S7D62;
				INFOPLIST_FILE = 3DTouchExampleTests/Info.plist;
				LD_RUNPATH_SEARCH_PATHS = (
					"$(inherited)",
					"@executable_path/Frameworks",
					"@loader_path/Frameworks",
				);
				PRODUCT_BUNDLE_IDENTIFIER = "com.gwc.-DTouchExampleTests";
				PRODUCT_NAME = "$(TARGET_NAME)";
				SWIFT_VERSION = 4.0;
				TARGETED_DEVICE_FAMILY = "1,2";
				TEST_HOST = "$(BUILT_PRODUCTS_DIR)/3DTouchExample.app/3DTouchExample";
			};
			name = Release;
		};
/* End XCBuildConfiguration section */

/* Begin XCConfigurationList section */
		2D5648D42097D71B00021836 /* Build configuration list for PBXProject "3DTouchExample" */ = {
			isa = XCConfigurationList;
			buildConfigurations = (
				2D5648F42097D72D00021836 /* Debug */,
				2D5648F52097D72D00021836 /* Release */,
			);
			defaultConfigurationIsVisible = 0;
			defaultConfigurationName = Release;
		};
		2D5648F62097D72D00021836 /* Build configuration list for PBXNativeTarget "3DTouchExample" */ = {
			isa = XCConfigurationList;
			buildConfigurations = (
				2D5648F72097D72D00021836 /* Debug */,
				2D5648F82097D72D00021836 /* Release */,
			);
			defaultConfigurationIsVisible = 0;
			defaultConfigurationName = Release;
		};
		2D5648F92097D72D00021836 /* Build configuration list for PBXNativeTarget "3DTouchExampleTests" */ = {
			isa = XCConfigurationList;
			buildConfigurations = (
				2D5648FA2097D72D00021836 /* Debug */,
				2D5648FB2097D72D00021836 /* Release */,
			);
			defaultConfigurationIsVisible = 0;
			defaultConfigurationName = Release;
		};
/* End XCConfigurationList section */
	};
	rootObject = 2D5648D12097D71B00021836 /* Project object */;
}
